
Microsoft Visual Studio Solution File, Format Version 12.00
# Visual Studio Version 16
VisualStudioVersion = 16.0.30611.23
MinimumVisualStudioVersion = 10.0.40219.1
Project("{FAE04EC0-301F-11D3-BF4B-00C04F79EFBC}") = "Day-09RegEx", "Day-09RegEx\Day-09RegEx.csproj", "{3D02AA3D-D5D6-4F46-9116-41356B284633}"
EndProject
Global
	GlobalSection(SolutionConfigurationPlatforms) = preSolution
		Debug|Any CPU = Debug|Any CPU
		Release|Any CPU = Release|Any CPU
	EndGlobalSection
	GlobalSection(ProjectConfigurationPlatforms) = postSolution
		{3D02AA3D-D5D6-4F46-9116-41356B284633}.Debug|Any CPU.ActiveCfg = Debug|Any CPU
		{3D02AA3D-D5D6-4F46-9116-41356B284633}.Debug|Any CPU.Build.0 = Debug|Any CPU
		{3D02AA3D-D5D6-4F46-9116-41356B284633}.Release|Any CPU.ActiveCfg = Release|Any CPU
		{3D02AA3D-D5D6-4F46-9116-41356B284633}.Release|Any CPU.Build.0 = Release|Any CPU
	EndGlobalSection
	GlobalSection(SolutionProperties) = preSolution
		HideSolutionNode = FALSE
	EndGlobalSection
	GlobalSection(ExtensibilityGlobals) = postSolution
		SolutionGuid = {A0AEA160-8C6F-4A2A-B9FD-2060CB884E0A}
	EndGlobalSection
EndGlobal
